
Microsoft Visual Studio Solution File, Format Version 12.00
# Visual Studio Version 17
VisualStudioVersion = 17.4.33205.214
MinimumVisualStudioVersion = 10.0.40219.1
Project("{FAE04EC0-301F-11D3-BF4B-00C04F79EFBC}") = "BackgroundWorker.Demo", "BackgroundWorker.Demo.csproj", "{B1FE4396-AD0E-4710-AF11-223227217F80}"
EndProject
Global
	GlobalSection(SolutionConfigurationPlatforms) = preSolution
		Debug|Any CPU = Debug|Any CPU
		Release|Any CPU = Release|Any CPU
	EndGlobalSection
	GlobalSection(ProjectConfigurationPlatforms) = postSolution
		{B1FE4396-AD0E-4710-AF11-223227217F80}.Debug|Any CPU.ActiveCfg = Debug|Any CPU
		{B1FE4396-AD0E-4710-AF11-223227217F80}.Debug|Any CPU.Build.0 = Debug|Any CPU
		{B1FE4396-AD0E-4710-AF11-223227217F80}.Release|Any CPU.ActiveCfg = Release|Any CPU
		{B1FE4396-AD0E-4710-AF11-223227217F80}.Release|Any CPU.Build.0 = Release|Any CPU
	EndGlobalSection
	GlobalSection(SolutionProperties) = preSolution
		HideSolutionNode = FALSE
	EndGlobalSection
	GlobalSection(ExtensibilityGlobals) = postSolution
		SolutionGuid = {D885394A-E5DD-4256-9372-85A5982B8693}
	EndGlobalSection
EndGlobal
